
Microsoft Visual Studio Solution File, Format Version 12.00
Project("{FAE04EC0-301F-11D3-BF4B-00C04F79EFBC}") = "prometheus-net.DotNetRuntime", "src\prometheus-net.DotNetRuntime\prometheus-net.DotNetRuntime.csproj", "{A40AD08A-53CB-40F3-A6D8-6FFCEC024289}"
EndProject
Project("{FAE04EC0-301F-11D3-BF4B-00C04F79EFBC}") = "prometheus-net.DotNetRuntime.Tests", "src\prometheus-net.DotNetRuntime.Tests\prometheus-net.DotNetRuntime.Tests.csproj", "{7F4E2E72-5745-4312-B238-CD7B731957B0}"
EndProject
Project("{2150E333-8FDC-42A3-9474-1A3956D46DE8}") = "Examples", "Examples", "{31AD912F-A1DC-434A-8C8D-049F4BBD67D4}"
EndProject
Project("{FAE04EC0-301F-11D3-BF4B-00C04F79EFBC}") = "AspNetCoreExample", "examples\AspNetCoreExample\AspNetCoreExample.csproj", "{D01E9ED3-E35C-4F44-A5AD-5350E43AA636}"
EndProject
Project("{FAE04EC0-301F-11D3-BF4B-00C04F79EFBC}") = "Benchmarks", "src\Benchmarks\Benchmarks.csproj", "{DD607E45-45AD-4F9D-9102-82BD99E49BEC}"
EndProject
Global
	GlobalSection(SolutionConfigurationPlatforms) = preSolution
		ReleaseV2|Any CPU = ReleaseV2|Any CPU
		DebugV2|Any CPU = DebugV2|Any CPU
		DebugV3|Any CPU = DebugV3|Any CPU
		ReleaseV3|Any CPU = ReleaseV3|Any CPU
	EndGlobalSection
	GlobalSection(ProjectConfigurationPlatforms) = postSolution
		{A40AD08A-53CB-40F3-A6D8-6FFCEC024289}.ReleaseV2|Any CPU.ActiveCfg = ReleaseV2|Any CPU
		{A40AD08A-53CB-40F3-A6D8-6FFCEC024289}.ReleaseV2|Any CPU.Build.0 = ReleaseV2|Any CPU
		{A40AD08A-53CB-40F3-A6D8-6FFCEC024289}.DebugV2|Any CPU.ActiveCfg = DebugV2|Any CPU
		{A40AD08A-53CB-40F3-A6D8-6FFCEC024289}.DebugV2|Any CPU.Build.0 = DebugV2|Any CPU
		{A40AD08A-53CB-40F3-A6D8-6FFCEC024289}.DebugV3|Any CPU.ActiveCfg = DebugV3|Any CPU
		{A40AD08A-53CB-40F3-A6D8-6FFCEC024289}.DebugV3|Any CPU.Build.0 = DebugV3|Any CPU
		{A40AD08A-53CB-40F3-A6D8-6FFCEC024289}.ReleaseV3|Any CPU.ActiveCfg = ReleaseV3|Any CPU
		{A40AD08A-53CB-40F3-A6D8-6FFCEC024289}.ReleaseV3|Any CPU.Build.0 = ReleaseV3|Any CPU
		{7F4E2E72-5745-4312-B238-CD7B731957B0}.ReleaseV2|Any CPU.ActiveCfg = ReleaseV2|Any CPU
		{7F4E2E72-5745-4312-B238-CD7B731957B0}.ReleaseV2|Any CPU.Build.0 = ReleaseV2|Any CPU
		{7F4E2E72-5745-4312-B238-CD7B731957B0}.DebugV2|Any CPU.ActiveCfg = DebugV2|Any CPU
		{7F4E2E72-5745-4312-B238-CD7B731957B0}.DebugV2|Any CPU.Build.0 = DebugV2|Any CPU
		{7F4E2E72-5745-4312-B238-CD7B731957B0}.DebugV3|Any CPU.ActiveCfg = DebugV3|Any CPU
		{7F4E2E72-5745-4312-B238-CD7B731957B0}.DebugV3|Any CPU.Build.0 = DebugV3|Any CPU
		{7F4E2E72-5745-4312-B238-CD7B731957B0}.ReleaseV3|Any CPU.ActiveCfg = ReleaseV3|Any CPU
		{7F4E2E72-5745-4312-B238-CD7B731957B0}.ReleaseV3|Any CPU.Build.0 = ReleaseV3|Any CPU
		{D01E9ED3-E35C-4F44-A5AD-5350E43AA636}.DebugV2|Any CPU.ActiveCfg = DebugV2|Any CPU
		{D01E9ED3-E35C-4F44-A5AD-5350E43AA636}.DebugV2|Any CPU.Build.0 = DebugV2|Any CPU
		{D01E9ED3-E35C-4F44-A5AD-5350E43AA636}.DebugV3|Any CPU.ActiveCfg = DebugV3|Any CPU
		{D01E9ED3-E35C-4F44-A5AD-5350E43AA636}.DebugV3|Any CPU.Build.0 = DebugV3|Any CPU
		{D01E9ED3-E35C-4F44-A5AD-5350E43AA636}.ReleaseV2|Any CPU.ActiveCfg = ReleaseV2|Any CPU
		{D01E9ED3-E35C-4F44-A5AD-5350E43AA636}.ReleaseV2|Any CPU.Build.0 = ReleaseV2|Any CPU
		{D01E9ED3-E35C-4F44-A5AD-5350E43AA636}.ReleaseV3|Any CPU.ActiveCfg = ReleaseV3|Any CPU
		{D01E9ED3-E35C-4F44-A5AD-5350E43AA636}.ReleaseV3|Any CPU.Build.0 = ReleaseV3|Any CPU
		{DD607E45-45AD-4F9D-9102-82BD99E49BEC}.ReleaseV2|Any CPU.ActiveCfg = ReleaseV2|Any CPU
		{DD607E45-45AD-4F9D-9102-82BD99E49BEC}.ReleaseV2|Any CPU.Build.0 = ReleaseV2|Any CPU
		{DD607E45-45AD-4F9D-9102-82BD99E49BEC}.ReleaseV3|Any CPU.ActiveCfg = ReleaseV3|Any CPU
		{DD607E45-45AD-4F9D-9102-82BD99E49BEC}.ReleaseV3|Any CPU.Build.0 = ReleaseV3|Any CPU
		{DD607E45-45AD-4F9D-9102-82BD99E49BEC}.DebugV2|Any CPU.ActiveCfg = DebugV2|Any CPU
		{DD607E45-45AD-4F9D-9102-82BD99E49BEC}.DebugV3|Any CPU.ActiveCfg = DebugV3|Any CPU
	EndGlobalSection
	GlobalSection(NestedProjects) = preSolution
		{D01E9ED3-E35C-4F44-A5AD-5350E43AA636} = {31AD912F-A1DC-434A-8C8D-049F4BBD67D4}
	EndGlobalSection
EndGlobal
