
Microsoft Visual Studio Solution File, Format Version 12.00
Project("{FAE04EC0-301F-11D3-BF4B-00C04F79EFBC}") = "AspNetCoreExample", "AspNetCoreExample\AspNetCoreExample.csproj", "{28AEA3D5-03B6-4F0A-A6DB-9D1C66CCDF34}"
EndProject
Global
	GlobalSection(SolutionConfigurationPlatforms) = preSolution
		Debug|Any CPU = Debug|Any CPU
		Release|Any CPU = Release|Any CPU
	EndGlobalSection
	GlobalSection(ProjectConfigurationPlatforms) = postSolution
		{28AEA3D5-03B6-4F0A-A6DB-9D1C66CCDF34}.Debug|Any CPU.ActiveCfg = Debug|Any CPU
		{28AEA3D5-03B6-4F0A-A6DB-9D1C66CCDF34}.Debug|Any CPU.Build.0 = Debug|Any CPU
		{28AEA3D5-03B6-4F0A-A6DB-9D1C66CCDF34}.Release|Any CPU.ActiveCfg = Release|Any CPU
		{28AEA3D5-03B6-4F0A-A6DB-9D1C66CCDF34}.Release|Any CPU.Build.0 = Release|Any CPU
	EndGlobalSection
EndGlobal
